
Microsoft Visual Studio Solution File, Format Version 12.00
# Visual Studio Version 17
VisualStudioVersion = 17.5.2.0
MinimumVisualStudioVersion = 10.0.40219.1
Project("{FAE04EC0-301F-11D3-BF4B-00C04F79EFBC}") = "TheSexy6BotWorker", "TheSexy6BotWorker\TheSexy6BotWorker.csproj", "{277B9C4A-C549-A038-445C-2F6BB26DE6D6}"
EndProject
Project("{FAE04EC0-301F-11D3-BF4B-00C04F79EFBC}") = "TheSexy6BotWorker.Tests", "TheSexy6BotWorker.Tests\TheSexy6BotWorker.Tests.csproj", "{3B1E557F-5E60-4E4B-8917-3BBAAA998C93}"
EndProject
Global
	GlobalSection(SolutionConfigurationPlatforms) = preSolution
		Debug|Any CPU = Debug|Any CPU
		Debug|x64 = Debug|x64
		Debug|x86 = Debug|x86
		Release|Any CPU = Release|Any CPU
		Release|x64 = Release|x64
		Release|x86 = Release|x86
	EndGlobalSection
	GlobalSection(ProjectConfigurationPlatforms) = postSolution
		{277B9C4A-C549-A038-445C-2F6BB26DE6D6}.Debug|Any CPU.ActiveCfg = Debug|Any CPU
		{277B9C4A-C549-A038-445C-2F6BB26DE6D6}.Debug|Any CPU.Build.0 = Debug|Any CPU
		{277B9C4A-C549-A038-445C-2F6BB26DE6D6}.Debug|x64.ActiveCfg = Debug|Any CPU
		{277B9C4A-C549-A038-445C-2F6BB26DE6D6}.Debug|x64.Build.0 = Debug|Any CPU
		{277B9C4A-C549-A038-445C-2F6BB26DE6D6}.Debug|x86.ActiveCfg = Debug|Any CPU
		{277B9C4A-C549-A038-445C-2F6BB26DE6D6}.Debug|x86.Build.0 = Debug|Any CPU
		{277B9C4A-C549-A038-445C-2F6BB26DE6D6}.Release|Any CPU.ActiveCfg = Release|Any CPU
		{277B9C4A-C549-A038-445C-2F6BB26DE6D6}.Release|Any CPU.Build.0 = Release|Any CPU
		{277B9C4A-C549-A038-445C-2F6BB26DE6D6}.Release|x64.ActiveCfg = Release|Any CPU
		{277B9C4A-C549-A038-445C-2F6BB26DE6D6}.Release|x64.Build.0 = Release|Any CPU
		{277B9C4A-C549-A038-445C-2F6BB26DE6D6}.Release|x86.ActiveCfg = Release|Any CPU
		{277B9C4A-C549-A038-445C-2F6BB26DE6D6}.Release|x86.Build.0 = Release|Any CPU
		{3B1E557F-5E60-4E4B-8917-3BBAAA998C93}.Debug|Any CPU.ActiveCfg = Debug|Any CPU
		{3B1E557F-5E60-4E4B-8917-3BBAAA998C93}.Debug|Any CPU.Build.0 = Debug|Any CPU
		{3B1E557F-5E60-4E4B-8917-3BBAAA998C93}.Debug|x64.ActiveCfg = Debug|Any CPU
		{3B1E557F-5E60-4E4B-8917-3BBAAA998C93}.Debug|x64.Build.0 = Debug|Any CPU
		{3B1E557F-5E60-4E4B-8917-3BBAAA998C93}.Debug|x86.ActiveCfg = Debug|Any CPU
		{3B1E557F-5E60-4E4B-8917-3BBAAA998C93}.Debug|x86.Build.0 = Debug|Any CPU
		{3B1E557F-5E60-4E4B-8917-3BBAAA998C93}.Release|Any CPU.ActiveCfg = Release|Any CPU
		{3B1E557F-5E60-4E4B-8917-3BBAAA998C93}.Release|Any CPU.Build.0 = Release|Any CPU
		{3B1E557F-5E60-4E4B-8917-3BBAAA998C93}.Release|x64.ActiveCfg = Release|Any CPU
		{3B1E557F-5E60-4E4B-8917-3BBAAA998C93}.Release|x64.Build.0 = Release|Any CPU
		{3B1E557F-5E60-4E4B-8917-3BBAAA998C93}.Release|x86.ActiveCfg = Release|Any CPU
		{3B1E557F-5E60-4E4B-8917-3BBAAA998C93}.Release|x86.Build.0 = Release|Any CPU
	EndGlobalSection
	GlobalSection(SolutionProperties) = preSolution
		HideSolutionNode = FALSE
	EndGlobalSection
	GlobalSection(ExtensibilityGlobals) = postSolution
		SolutionGuid = {ACBB3BA7-8E81-466A-A1B4-73747E78639C}
	EndGlobalSection
EndGlobal
